<?xml version="1.0" encoding="utf-8"?>
<Project ToolsVersion="4.0" xmlns="http://schemas.microsoft.com/developer/msbuild/2003">
  <ItemGroup>
    <Filter Include="include">
      <UniqueIdentifier>{89AF369E-F58E-B539-FEA6-40106A051C9B}</UniqueIdentifier>
    </Filter>
    <Filter Include="src">
      <UniqueIdentifier>{2DAB880B-99B4-887C-2230-9F7C8E38947C}</UniqueIdentifier>
    </Filter>
  </ItemGroup>
  <ItemGroup>
    <ClInclude Include="include\Application.h">
      <Filter>include</Filter>
    </ClInclude>
    <ClInclude Include="include\ApplicationEvent.h">
      <Filter>include</Filter>
    </ClInclude>
    <ClInclude Include="include\Basil.h">
      <Filter>include</Filter>
    </ClInclude>
    <ClInclude Include="include\Core.h">
      <Filter>include</Filter>
    </ClInclude>
    <ClInclude Include="include\EntryPoint.h">
      <Filter>include</Filter>
    </ClInclude>
    <ClInclude Include="include\Event.h">
      <Filter>include</Filter>
    </ClInclude>
    <ClInclude Include="include\KeyEvent.h">
      <Filter>include</Filter>
    </ClInclude>
    <ClInclude Include="include\Layer.h">
      <Filter>include</Filter>
    </ClInclude>
    <ClInclude Include="include\LayerStack.h">
      <Filter>include</Filter>
    </ClInclude>
    <ClInclude Include="include\Log.h">
      <Filter>include</Filter>
    </ClInclude>
    <ClInclude Include="include\MouseEvent.h">
      <Filter>include</Filter>
    </ClInclude>
    <ClInclude Include="include\Test.h">
      <Filter>include</Filter>
    </ClInclude>
    <ClInclude Include="include\Window.h">
      <Filter>include</Filter>
    </ClInclude>
    <ClInclude Include="include\WindowsWindow.h">
      <Filter>include</Filter>
    </ClInclude>
    <ClInclude Include="include\pch.h">
      <Filter>include</Filter>
    </ClInclude>
  </ItemGroup>
  <ItemGroup>
    <ClCompile Include="src\Application.cpp">
      <Filter>src</Filter>
    </ClCompile>
    <ClCompile Include="src\ApplicationEvent.cpp">
      <Filter>src</Filter>
    </ClCompile>
    <ClCompile Include="src\Event.cpp">
      <Filter>src</Filter>
    </ClCompile>
    <ClCompile Include="src\KeyEvent.cpp">
      <Filter>src</Filter>
    </ClCompile>
    <ClCompile Include="src\Layer.cpp">
      <Filter>src</Filter>
    </ClCompile>
    <ClCompile Include="src\LayerStack.cpp">
      <Filter>src</Filter>
    </ClCompile>
    <ClCompile Include="src\Log.cpp">
      <Filter>src</Filter>
    </ClCompile>
    <ClCompile Include="src\MouseEvent.cpp">
      <Filter>src</Filter>
    </ClCompile>
    <ClCompile Include="src\Test.cpp">
      <Filter>src</Filter>
    </ClCompile>
    <ClCompile Include="src\WindowsWindow.cpp">
      <Filter>src</Filter>
    </ClCompile>
    <ClCompile Include="src\pch.cpp">
      <Filter>src</Filter>
    </ClCompile>
  </ItemGroup>
</Project>